// !$*UTF8*$!
{
	archiveVersion = 1;
	classes = {
	};
	objectVersion = 48;
	objects = {

/* Begin PBXBuildFile section */
		87655F771FBD8D9700029377 /* AppDelegate.swift in Sources */ = {isa = PBXBuildFile; fileRef = 87655F761FBD8D9700029377 /* AppDelegate.swift */; };
		87655F791FBD8D9700029377 /* ViewController.swift in Sources */ = {isa = PBXBuildFile; fileRef = 87655F781FBD8D9700029377 /* ViewController.swift */; };
		87655F7C1FBD8D9700029377 /* Main.storyboard in Resources */ = {isa = PBXBuildFile; fileRef = 87655F7A1FBD8D9700029377 /* Main.storyboard */; };
		87655F7E1FBD8D9700029377 /* Assets.xcassets in Resources */ = {isa = PBXBuildFile; fileRef = 87655F7D1FBD8D9700029377 /* Assets.xcassets */; };
		87655F811FBD8D9700029377 /* LaunchScreen.storyboard in Resources */ = {isa = PBXBuildFile; fileRef = 87655F7F1FBD8D9700029377 /* LaunchScreen.storyboard */; };
		87655F8B1FBDA98400029377 /* FacebookUserInfo.swift in Sources */ = {isa = PBXBuildFile; fileRef = 87655F8A1FBDA98400029377 /* FacebookUserInfo.swift */; };
		87655F8D1FBDA9C100029377 /* FacebookService.swift in Sources */ = {isa = PBXBuildFile; fileRef = 87655F8C1FBDA9C100029377 /* FacebookService.swift */; };
		BB83316B33B4BD25E483E95F /* Pods_FacebookLoginExample.framework in Frameworks */ = {isa = PBXBuildFile; fileRef = B236A4E0D708975E52845A0C /* Pods_FacebookLoginExample.framework */; };
/* End PBXBuildFile section */

/* Begin PBXFileReference section */
		0446FC058298BCDA5C75F55A /* Pods-FacebookLoginExample.debug.xcconfig */ = {isa = PBXFileReference; includeInIndex = 1; lastKnownFileType = text.xcconfig; name = "Pods-FacebookLoginExample.debug.xcconfig"; path = "Pods/Target Support Files/Pods-FacebookLoginExample/Pods-FacebookLoginExample.debug.xcconfig"; sourceTree = "<group>"; };
		87655F731FBD8D9700029377 /* FacebookLoginExample.app */ = {isa = PBXFileReference; explicitFileType = wrapper.application; includeInIndex = 0; path = FacebookLoginExample.app; sourceTree = BUILT_PRODUCTS_DIR; };
		87655F761FBD8D9700029377 /* AppDelegate.swift */ = {isa = PBXFileReference; lastKnownFileType = sourcecode.swift; path = AppDelegate.swift; sourceTree = "<group>"; };
		87655F781FBD8D9700029377 /* ViewController.swift */ = {isa = PBXFileReference; lastKnownFileType = sourcecode.swift; path = ViewController.swift; sourceTree = "<group>"; };
		87655F7B1FBD8D9700029377 /* Base */ = {isa = PBXFileReference; lastKnownFileType = file.storyboard; name = Base; path = Base.lproj/Main.storyboard; sourceTree = "<group>"; };
		87655F7D1FBD8D9700029377 /* Assets.xcassets */ = {isa = PBXFileReference; lastKnownFileType = folder.assetcatalog; path = Assets.xcassets; sourceTree = "<group>"; };
		87655F801FBD8D9700029377 /* Base */ = {isa = PBXFileReference; lastKnownFileType = file.storyboard; name = Base; path = Base.lproj/LaunchScreen.storyboard; sourceTree = "<group>"; };
		87655F821FBD8D9700029377 /* Info.plist */ = {isa = PBXFileReference; lastKnownFileType = text.plist.xml; path = Info.plist; sourceTree = "<group>"; };
		87655F8A1FBDA98400029377 /* FacebookUserInfo.swift */ = {isa = PBXFileReference; lastKnownFileType = sourcecode.swift; path = FacebookUserInfo.swift; sourceTree = "<group>"; };
		87655F8C1FBDA9C100029377 /* FacebookService.swift */ = {isa = PBXFileReference; lastKnownFileType = sourcecode.swift; path = FacebookService.swift; sourceTree = "<group>"; };
		B236A4E0D708975E52845A0C /* Pods_FacebookLoginExample.framework */ = {isa = PBXFileReference; explicitFileType = wrapper.framework; includeInIndex = 0; path = Pods_FacebookLoginExample.framework; sourceTree = BUILT_PRODUCTS_DIR; };
		FD0C954C069CA18A47BE225F /* Pods-FacebookLoginExample.release.xcconfig */ = {isa = PBXFileReference; includeInIndex = 1; lastKnownFileType = text.xcconfig; name = "Pods-FacebookLoginExample.release.xcconfig"; path = "Pods/Target Support Files/Pods-FacebookLoginExample/Pods-FacebookLoginExample.release.xcconfig"; sourceTree = "<group>"; };
/* End PBXFileReference section */

/* Begin PBXFrameworksBuildPhase section */
		87655F701FBD8D9700029377 /* Frameworks */ = {
			isa = PBXFrameworksBuildPhase;
			buildActionMask = 2147483647;
			files = (
				BB83316B33B4BD25E483E95F /* Pods_FacebookLoginExample.framework in Frameworks */,
			);
			runOnlyForDeploymentPostprocessing = 0;
		};
/* End PBXFrameworksBuildPhase section */

/* Begin PBXGroup section */
		16F575D7E2BF648EF6951116 /* Pods */ = {
			isa = PBXGroup;
			children = (
				0446FC058298BCDA5C75F55A /* Pods-FacebookLoginExample.debug.xcconfig */,
				FD0C954C069CA18A47BE225F /* Pods-FacebookLoginExample.release.xcconfig */,
			);
			name = Pods;
			sourceTree = "<group>";
		};
		87655F6A1FBD8D9700029377 = {
			isa = PBXGroup;
			children = (
				87655F751FBD8D9700029377 /* FacebookLoginExample */,
				87655F741FBD8D9700029377 /* Products */,
				16F575D7E2BF648EF6951116 /* Pods */,
				E8AA9C8433F3AC5DAC550ABE /* Frameworks */,
			);
			sourceTree = "<group>";
		};
		87655F741FBD8D9700029377 /* Products */ = {
			isa = PBXGroup;
			children = (
				87655F731FBD8D9700029377 /* FacebookLoginExample.app */,
			);
			name = Products;
			sourceTree = "<group>";
		};
		87655F751FBD8D9700029377 /* FacebookLoginExample */ = {
			isa = PBXGroup;
			children = (
				87655F891FBDA97000029377 /* Model */,
				87655F761FBD8D9700029377 /* AppDelegate.swift */,
				87655F881FBD8D9F00029377 /* View */,
				87655F7D1FBD8D9700029377 /* Assets.xcassets */,
				87655F821FBD8D9700029377 /* Info.plist */,
			);
			path = FacebookLoginExample;
			sourceTree = "<group>";
		};
		87655F881FBD8D9F00029377 /* View */ = {
			isa = PBXGroup;
			children = (
				87655F781FBD8D9700029377 /* ViewController.swift */,
				87655F7A1FBD8D9700029377 /* Main.storyboard */,
				87655F7F1FBD8D9700029377 /* LaunchScreen.storyboard */,
			);
			path = View;
			sourceTree = "<group>";
		};
		87655F891FBDA97000029377 /* Model */ = {
			isa = PBXGroup;
			children = (
				87655F8A1FBDA98400029377 /* FacebookUserInfo.swift */,
				87655F8C1FBDA9C100029377 /* FacebookService.swift */,
			);
			path = Model;
			sourceTree = "<group>";
		};
		E8AA9C8433F3AC5DAC550ABE /* Frameworks */ = {
			isa = PBXGroup;
			children = (
				B236A4E0D708975E52845A0C /* Pods_FacebookLoginExample.framework */,
			);
			name = Frameworks;
			sourceTree = "<group>";
		};
/* End PBXGroup section */

/* Begin PBXNativeTarget section */
		87655F721FBD8D9700029377 /* FacebookLoginExample */ = {
			isa = PBXNativeTarget;
			buildConfigurationList = 87655F851FBD8D9700029377 /* Build configuration list for PBXNativeTarget "FacebookLoginExample" */;
			buildPhases = (
				ABC89A95F9B36341553082FB /* [CP] Check Pods Manifest.lock */,
				87655F6F1FBD8D9700029377 /* Sources */,
				87655F701FBD8D9700029377 /* Frameworks */,
				87655F711FBD8D9700029377 /* Resources */,
				0CBA4E975FDEDA7AEC3DD227 /* [CP] Embed Pods Frameworks */,
				31AADA57D699CFCA17BFA942 /* [CP] Copy Pods Resources */,
			);
			buildRules = (
			);
			dependencies = (
			);
			name = FacebookLoginExample;
			productName = FacebookLoginExample;
			productReference = 87655F731FBD8D9700029377 /* FacebookLoginExample.app */;
			productType = "com.apple.product-type.application";
		};
/* End PBXNativeTarget section */

/* Begin PBXProject section */
		87655F6B1FBD8D9700029377 /* Project object */ = {
			isa = PBXProject;
			attributes = {
				LastSwiftUpdateCheck = 0910;
				LastUpgradeCheck = 0910;
				ORGANIZATIONNAME = Trand;
				TargetAttributes = {
					87655F721FBD8D9700029377 = {
						CreatedOnToolsVersion = 9.1;
						ProvisioningStyle = Automatic;
					};
				};
			};
			buildConfigurationList = 87655F6E1FBD8D9700029377 /* Build configuration list for PBXProject "FacebookLoginExample" */;
			compatibilityVersion = "Xcode 8.0";
			developmentRegion = en;
			hasScannedForEncodings = 0;
			knownRegions = (
				en,
				Base,
			);
			mainGroup = 87655F6A1FBD8D9700029377;
			productRefGroup = 87655F741FBD8D9700029377 /* Products */;
			projectDirPath = "";
			projectRoot = "";
			targets = (
				87655F721FBD8D9700029377 /* FacebookLoginExample */,
			);
		};
/* End PBXProject section */

/* Begin PBXResourcesBuildPhase section */
		87655F711FBD8D9700029377 /* Resources */ = {
			isa = PBXResourcesBuildPhase;
			buildActionMask = 2147483647;
			files = (
				87655F811FBD8D9700029377 /* LaunchScreen.storyboard in Resources */,
				87655F7E1FBD8D9700029377 /* Assets.xcassets in Resources */,
				87655F7C1FBD8D9700029377 /* Main.storyboard in Resources */,
			);
			runOnlyForDeploymentPostprocessing = 0;
		};
/* End PBXResourcesBuildPhase section */

/* Begin PBXShellScriptBuildPhase section */
		0CBA4E975FDEDA7AEC3DD227 /* [CP] Embed Pods Frameworks */ = {
			isa = PBXShellScriptBuildPhase;
			buildActionMask = 2147483647;
			files = (
			);
			inputPaths = (
				"${SRCROOT}/Pods/Target Support Files/Pods-FacebookLoginExample/Pods-FacebookLoginExample-frameworks.sh",
				"${BUILT_PRODUCTS_DIR}/Bolts/Bolts.framework",
				"${BUILT_PRODUCTS_DIR}/FBSDKCoreKit/FBSDKCoreKit.framework",
				"${BUILT_PRODUCTS_DIR}/FBSDKLoginKit/FBSDKLoginKit.framework",
				"${BUILT_PRODUCTS_DIR}/FacebookCore/FacebookCore.framework",
				"${BUILT_PRODUCTS_DIR}/FacebookLogin/FacebookLogin.framework",
			);
			name = "[CP] Embed Pods Frameworks";
			outputPaths = (
				"${TARGET_BUILD_DIR}/${FRAMEWORKS_FOLDER_PATH}/Bolts.framework",
				"${TARGET_BUILD_DIR}/${FRAMEWORKS_FOLDER_PATH}/FBSDKCoreKit.framework",
				"${TARGET_BUILD_DIR}/${FRAMEWORKS_FOLDER_PATH}/FBSDKLoginKit.framework",
				"${TARGET_BUILD_DIR}/${FRAMEWORKS_FOLDER_PATH}/FacebookCore.framework",
				"${TARGET_BUILD_DIR}/${FRAMEWORKS_FOLDER_PATH}/FacebookLogin.framework",
			);
			runOnlyForDeploymentPostprocessing = 0;
			shellPath = /bin/sh;
			shellScript = "\"${SRCROOT}/Pods/Target Support Files/Pods-FacebookLoginExample/Pods-FacebookLoginExample-frameworks.sh\"\n";
			showEnvVarsInLog = 0;
		};
		31AADA57D699CFCA17BFA942 /* [CP] Copy Pods Resources */ = {
			isa = PBXShellScriptBuildPhase;
			buildActionMask = 2147483647;
			files = (
			);
			inputPaths = (
			);
			name = "[CP] Copy Pods Resources";
			outputPaths = (
			);
			runOnlyForDeploymentPostprocessing = 0;
			shellPath = /bin/sh;
			shellScript = "\"${SRCROOT}/Pods/Target Support Files/Pods-FacebookLoginExample/Pods-FacebookLoginExample-resources.sh\"\n";
			showEnvVarsInLog = 0;
		};
		ABC89A95F9B36341553082FB /* [CP] Check Pods Manifest.lock */ = {
			isa = PBXShellScriptBuildPhase;
			buildActionMask = 2147483647;
			files = (
			);
			inputPaths = (
				"${PODS_PODFILE_DIR_PATH}/Podfile.lock",
				"${PODS_ROOT}/Manifest.lock",
			);
			name = "[CP] Check Pods Manifest.lock";
			outputPaths = (
				"$(DERIVED_FILE_DIR)/Pods-FacebookLoginExample-checkManifestLockResult.txt",
			);
			runOnlyForDeploymentPostprocessing = 0;
			shellPath = /bin/sh;
			shellScript = "diff \"${PODS_PODFILE_DIR_PATH}/Podfile.lock\" \"${PODS_ROOT}/Manifest.lock\" > /dev/null\nif [ $? != 0 ] ; then\n    # print error to STDERR\n    echo \"error: The sandbox is not in sync with the Podfile.lock. Run 'pod install' or update your CocoaPods installation.\" >&2\n    exit 1\nfi\n# This output is used by Xcode 'outputs' to avoid re-running this script phase.\necho \"SUCCESS\" > \"${SCRIPT_OUTPUT_FILE_0}\"\n";
			showEnvVarsInLog = 0;
		};
/* End PBXShellScriptBuildPhase section */

/* Begin PBXSourcesBuildPhase section */
		87655F6F1FBD8D9700029377 /* Sources */ = {
			isa = PBXSourcesBuildPhase;
			buildActionMask = 2147483647;
			files = (
				87655F8B1FBDA98400029377 /* FacebookUserInfo.swift in Sources */,
				87655F791FBD8D9700029377 /* ViewController.swift in Sources */,
				87655F771FBD8D9700029377 /* AppDelegate.swift in Sources */,
				87655F8D1FBDA9C100029377 /* FacebookService.swift in Sources */,
			);
			runOnlyForDeploymentPostprocessing = 0;
		};
/* End PBXSourcesBuildPhase section */

/* Begin PBXVariantGroup section */
		87655F7A1FBD8D9700029377 /* Main.storyboard */ = {
			isa = PBXVariantGroup;
			children = (
				87655F7B1FBD8D9700029377 /* Base */,
			);
			name = Main.storyboard;
			sourceTree = "<group>";
		};
		87655F7F1FBD8D9700029377 /* LaunchScreen.storyboard */ = {
			isa = PBXVariantGroup;
			children = (
				87655F801FBD8D9700029377 /* Base */,
			);
			name = LaunchScreen.storyboard;
			sourceTree = "<group>";
		};
/* End PBXVariantGroup section */

/* Begin XCBuildConfiguration section */
		87655F831FBD8D9700029377 /* Debug */ = {
			isa = XCBuildConfiguration;
			buildSettings = {
				ALWAYS_SEARCH_USER_PATHS = NO;
				CLANG_ANALYZER_NONNULL = YES;
				CLANG_ANALYZER_NUMBER_OBJECT_CONVERSION = YES_AGGRESSIVE;
				CLANG_CXX_LANGUAGE_STANDARD = "gnu++14";
				CLANG_CXX_LIBRARY = "libc++";
				CLANG_ENABLE_MODULES = YES;
				CLANG_ENABLE_OBJC_ARC = YES;
				CLANG_WARN_BLOCK_CAPTURE_AUTORELEASING = YES;
				CLANG_WARN_BOOL_CONVERSION = YES;
				CLANG_WARN_COMMA = YES;
				CLANG_WARN_CONSTANT_CONVERSION = YES;
				CLANG_WARN_DIRECT_OBJC_ISA_USAGE = YES_ERROR;
				CLANG_WARN_DOCUMENTATION_COMMENTS = YES;
				CLANG_WARN_EMPTY_BODY = YES;
				CLANG_WARN_ENUM_CONVERSION = YES;
				CLANG_WARN_INFINITE_RECURSION = YES;
				CLANG_WARN_INT_CONVERSION = YES;
				CLANG_WARN_NON_LITERAL_NULL_CONVERSION = YES;
				CLANG_WARN_OBJC_LITERAL_CONVERSION = YES;
				CLANG_WARN_OBJC_ROOT_CLASS = YES_ERROR;
				CLANG_WARN_RANGE_LOOP_ANALYSIS = YES;
				CLANG_WARN_STRICT_PROTOTYPES = YES;
				CLANG_WARN_SUSPICIOUS_MOVE = YES;
				CLANG_WARN_UNGUARDED_AVAILABILITY = YES_AGGRESSIVE;
				CLANG_WARN_UNREACHABLE_CODE = YES;
				CLANG_WARN__DUPLICATE_METHOD_MATCH = YES;
				CODE_SIGN_IDENTITY = "iPhone Developer";
				COPY_PHASE_STRIP = NO;
				DEBUG_INFORMATION_FORMAT = dwarf;
				ENABLE_STRICT_OBJC_MSGSEND = YES;
				ENABLE_TESTABILITY = YES;
				GCC_C_LANGUAGE_STANDARD = gnu11;
				GCC_DYNAMIC_NO_PIC = NO;
				GCC_NO_COMMON_BLOCKS = YES;
				GCC_OPTIMIZATION_LEVEL = 0;
				GCC_PREPROCESSOR_DEFINITIONS = (
					"DEBUG=1",
					"$(inherited)",
				);
				GCC_WARN_64_TO_32_BIT_CONVERSION = YES;
				GCC_WARN_ABOUT_RETURN_TYPE = YES_ERROR;
				GCC_WARN_UNDECLARED_SELECTOR = YES;
				GCC_WARN_UNINITIALIZED_AUTOS = YES_AGGRESSIVE;
				GCC_WARN_UNUSED_FUNCTION = YES;
				GCC_WARN_UNUSED_VARIABLE = YES;
				IPHONEOS_DEPLOYMENT_TARGET = 11.1;
				MTL_ENABLE_DEBUG_INFO = YES;
				ONLY_ACTIVE_ARCH = YES;
				SDKROOT = iphoneos;
				SWIFT_ACTIVE_COMPILATION_CONDITIONS = DEBUG;
				SWIFT_OPTIMIZATION_LEVEL = "-Onone";
			};
			name = Debug;
		};
		87655F841FBD8D9700029377 /* Release */ = {
			isa = XCBuildConfiguration;
			buildSettings = {
				ALWAYS_SEARCH_USER_PATHS = NO;
				CLANG_ANALYZER_NONNULL = YES;
				CLANG_ANALYZER_NUMBER_OBJECT_CONVERSION = YES_AGGRESSIVE;
				CLANG_CXX_LANGUAGE_STANDARD = "gnu++14";
				CLANG_CXX_LIBRARY = "libc++";
				CLANG_ENABLE_MODULES = YES;
				CLANG_ENABLE_OBJC_ARC = YES;
				CLANG_WARN_BLOCK_CAPTURE_AUTORELEASING = YES;
				CLANG_WARN_BOOL_CONVERSION = YES;
				CLANG_WARN_COMMA = YES;
				CLANG_WARN_CONSTANT_CONVERSION = YES;
				CLANG_WARN_DIRECT_OBJC_ISA_USAGE = YES_ERROR;
				CLANG_WARN_DOCUMENTATION_COMMENTS = YES;
				CLANG_WARN_EMPTY_BODY = YES;
				CLANG_WARN_ENUM_CONVERSION = YES;
				CLANG_WARN_INFINITE_RECURSION = YES;
				CLANG_WARN_INT_CONVERSION = YES;
				CLANG_WARN_NON_LITERAL_NULL_CONVERSION = YES;
				CLANG_WARN_OBJC_LITERAL_CONVERSION = YES;
				CLANG_WARN_OBJC_ROOT_CLASS = YES_ERROR;
				CLANG_WARN_RANGE_LOOP_ANALYSIS = YES;
				CLANG_WARN_STRICT_PROTOTYPES = YES;
				CLANG_WARN_SUSPICIOUS_MOVE = YES;
				CLANG_WARN_UNGUARDED_AVAILABILITY = YES_AGGRESSIVE;
				CLANG_WARN_UNREACHABLE_CODE = YES;
				CLANG_WARN__DUPLICATE_METHOD_MATCH = YES;
				CODE_SIGN_IDENTITY = "iPhone Developer";
				COPY_PHASE_STRIP = NO;
				DEBUG_INFORMATION_FORMAT = "dwarf-with-dsym";
				ENABLE_NS_ASSERTIONS = NO;
				ENABLE_STRICT_OBJC_MSGSEND = YES;
				GCC_C_LANGUAGE_STANDARD = gnu11;
				GCC_NO_COMMON_BLOCKS = YES;
				GCC_WARN_64_TO_32_BIT_CONVERSION = YES;
				GCC_WARN_ABOUT_RETURN_TYPE = YES_ERROR;
				GCC_WARN_UNDECLARED_SELECTOR = YES;
				GCC_WARN_UNINITIALIZED_AUTOS = YES_AGGRESSIVE;
				GCC_WARN_UNUSED_FUNCTION = YES;
				GCC_WARN_UNUSED_VARIABLE = YES;
				IPHONEOS_DEPLOYMENT_TARGET = 11.1;
				MTL_ENABLE_DEBUG_INFO = NO;
				SDKROOT = iphoneos;
				SWIFT_OPTIMIZATION_LEVEL = "-Owholemodule";
				VALIDATE_PRODUCT = YES;
			};
			name = Release;
		};
		87655F861FBD8D9700029377 /* Debug */ = {
			isa = XCBuildConfiguration;
			baseConfigurationReference = 0446FC058298BCDA5C75F55A /* Pods-FacebookLoginExample.debug.xcconfig */;
			buildSettings = {
				ASSETCATALOG_COMPILER_APPICON_NAME = AppIcon;
				CODE_SIGN_STYLE = Automatic;
				INFOPLIST_FILE = FacebookLoginExample/Info.plist;
				LD_RUNPATH_SEARCH_PATHS = "$(inherited) @executable_path/Frameworks";
				PRODUCT_BUNDLE_IDENTIFIER = trand.FacebookLoginExample;
				PRODUCT_NAME = "$(TARGET_NAME)";
				SWIFT_VERSION = 4.0;
				TARGETED_DEVICE_FAMILY = "1,2";
			};
			name = Debug;
		};
		87655F871FBD8D9700029377 /* Release */ = {
			isa = XCBuildConfiguration;
			baseConfigurationReference = FD0C954C069CA18A47BE225F /* Pods-FacebookLoginExample.release.xcconfig */;
			buildSettings = {
				ASSETCATALOG_COMPILER_APPICON_NAME = AppIcon;
				CODE_SIGN_STYLE = Automatic;
				INFOPLIST_FILE = FacebookLoginExample/Info.plist;
				LD_RUNPATH_SEARCH_PATHS = "$(inherited) @executable_path/Frameworks";
				PRODUCT_BUNDLE_IDENTIFIER = trand.FacebookLoginExample;
				PRODUCT_NAME = "$(TARGET_NAME)";
				SWIFT_VERSION = 4.0;
				TARGETED_DEVICE_FAMILY = "1,2";
			};
			name = Release;
		};
/* End XCBuildConfiguration section */

/* Begin XCConfigurationList section */
		87655F6E1FBD8D9700029377 /* Build configuration list for PBXProject "FacebookLoginExample" */ = {
			isa = XCConfigurationList;
			buildConfigurations = (
				87655F831FBD8D9700029377 /* Debug */,
				87655F841FBD8D9700029377 /* Release */,
			);
			defaultConfigurationIsVisible = 0;
			defaultConfigurationName = Release;
		};
		87655F851FBD8D9700029377 /* Build configuration list for PBXNativeTarget "FacebookLoginExample" */ = {
			isa = XCConfigurationList;
			buildConfigurations = (
				87655F861FBD8D9700029377 /* Debug */,
				87655F871FBD8D9700029377 /* Release */,
			);
			defaultConfigurationIsVisible = 0;
			defaultConfigurationName = Release;
		};
/* End XCConfigurationList section */
	};
	rootObject = 87655F6B1FBD8D9700029377 /* Project object */;
}
